
Microsoft Visual Studio Solution File, Format Version 12.00
# Visual Studio Version 17
VisualStudioVersion = 17.14.36414.22 d17.14
MinimumVisualStudioVersion = 10.0.40219.1
Project("{FAE04EC0-301F-11D3-BF4B-00C04F79EFBC}") = "Metin2Api", "Metin2Api\Metin2Api.csproj", "{226D7E1A-66DC-425B-8315-34BEBCFAD8D8}"
EndProject
Project("{FAE04EC0-301F-11D3-BF4B-00C04F79EFBC}") = "Metin2Api.Application", "Metin2Api.Application\Metin2Api.Application.csproj", "{38C5059C-FB83-43B1-9D22-7A167683D940}"
EndProject
Project("{FAE04EC0-301F-11D3-BF4B-00C04F79EFBC}") = "Metin2Api.Domain", "Metin2Api.Domain\Metin2Api.Domain.csproj", "{930C19B6-3873-42A8-9879-BBAC23E0E3BC}"
EndProject
Project("{FAE04EC0-301F-11D3-BF4B-00C04F79EFBC}") = "Metin2Api.Infrastructure", "Metin2Api.Infrastructure\Metin2Api.Infrastructure.csproj", "{5819EC45-B391-4C3E-8748-3F60399A3E32}"
EndProject
Global
	GlobalSection(SolutionConfigurationPlatforms) = preSolution
		Debug|Any CPU = Debug|Any CPU
		Release|Any CPU = Release|Any CPU
	EndGlobalSection
	GlobalSection(ProjectConfigurationPlatforms) = postSolution
		{226D7E1A-66DC-425B-8315-34BEBCFAD8D8}.Debug|Any CPU.ActiveCfg = Debug|Any CPU
		{226D7E1A-66DC-425B-8315-34BEBCFAD8D8}.Debug|Any CPU.Build.0 = Debug|Any CPU
		{226D7E1A-66DC-425B-8315-34BEBCFAD8D8}.Release|Any CPU.ActiveCfg = Release|Any CPU
		{226D7E1A-66DC-425B-8315-34BEBCFAD8D8}.Release|Any CPU.Build.0 = Release|Any CPU
		{38C5059C-FB83-43B1-9D22-7A167683D940}.Debug|Any CPU.ActiveCfg = Debug|Any CPU
		{38C5059C-FB83-43B1-9D22-7A167683D940}.Debug|Any CPU.Build.0 = Debug|Any CPU
		{38C5059C-FB83-43B1-9D22-7A167683D940}.Release|Any CPU.ActiveCfg = Release|Any CPU
		{38C5059C-FB83-43B1-9D22-7A167683D940}.Release|Any CPU.Build.0 = Release|Any CPU
		{930C19B6-3873-42A8-9879-BBAC23E0E3BC}.Debug|Any CPU.ActiveCfg = Debug|Any CPU
		{930C19B6-3873-42A8-9879-BBAC23E0E3BC}.Debug|Any CPU.Build.0 = Debug|Any CPU
		{930C19B6-3873-42A8-9879-BBAC23E0E3BC}.Release|Any CPU.ActiveCfg = Release|Any CPU
		{930C19B6-3873-42A8-9879-BBAC23E0E3BC}.Release|Any CPU.Build.0 = Release|Any CPU
		{5819EC45-B391-4C3E-8748-3F60399A3E32}.Debug|Any CPU.ActiveCfg = Debug|Any CPU
		{5819EC45-B391-4C3E-8748-3F60399A3E32}.Debug|Any CPU.Build.0 = Debug|Any CPU
		{5819EC45-B391-4C3E-8748-3F60399A3E32}.Release|Any CPU.ActiveCfg = Release|Any CPU
		{5819EC45-B391-4C3E-8748-3F60399A3E32}.Release|Any CPU.Build.0 = Release|Any CPU
	EndGlobalSection
	GlobalSection(SolutionProperties) = preSolution
		HideSolutionNode = FALSE
	EndGlobalSection
	GlobalSection(ExtensibilityGlobals) = postSolution
		SolutionGuid = {4AC433B3-2E49-479B-9E92-B9773B662D84}
	EndGlobalSection
EndGlobal
